
Microsoft Visual Studio Solution File, Format Version 12.00
# Visual Studio Version 17
VisualStudioVersion = 17.6.33723.286
MinimumVisualStudioVersion = 10.0.40219.1
Project("{2150E333-8FDC-42A3-9474-1A3956D46DE8}") = "Common", "Common", "{38EDDAF5-CFE7-4A0E-8EC0-0148F80B47B4}"
EndProject
Project("{2150E333-8FDC-42A3-9474-1A3956D46DE8}") = "Core", "Core", "{A35614F3-9728-436E-A65A-5500BCE82EA8}"
EndProject
Project("{2150E333-8FDC-42A3-9474-1A3956D46DE8}") = "Presentation", "Presentation", "{6A5179BD-716C-4C76-8BFA-2DA8AEB1F8CD}"
EndProject
Project("{2150E333-8FDC-42A3-9474-1A3956D46DE8}") = "Infrastructure", "Infrastructure", "{560E0348-FF0C-4E32-AF7D-D998FAD21C42}"
EndProject
Project("{2150E333-8FDC-42A3-9474-1A3956D46DE8}") = "Src", "Src", "{A000C8AD-C51F-427A-930B-76AE5D72E5F9}"
EndProject
Project("{FAE04EC0-301F-11D3-BF4B-00C04F79EFBC}") = "ElmTask.Common", "ElmTask.Common\ElmTask.Common.csproj", "{BCDC905E-63D3-41FA-9AC0-49CB17E97C10}"
EndProject
Project("{FAE04EC0-301F-11D3-BF4B-00C04F79EFBC}") = "ElmTask.Application", "ElmTask.Application\ElmTask.Application.csproj", "{C5D75894-0AC8-4829-8B64-5F2AB4229C3E}"
EndProject
Project("{FAE04EC0-301F-11D3-BF4B-00C04F79EFBC}") = "ElmTask.Domain", "ElmTask.Domain\ElmTask.Domain.csproj", "{EA970CB0-E384-4AD0-A531-D7B68E511877}"
EndProject
Project("{FAE04EC0-301F-11D3-BF4B-00C04F79EFBC}") = "ElmTask.Persistence", "ElmTask.Persistence\ElmTask.Persistence.csproj", "{70AC2D07-ECA3-4031-BB51-66632AC8C870}"
EndProject
Project("{FAE04EC0-301F-11D3-BF4B-00C04F79EFBC}") = "ElmTask.WebApi", "ElmTask.WebApi\ElmTask.WebApi.csproj", "{176A26E1-4997-4447-B898-85D2A9362C29}"
EndProject
Global
	GlobalSection(SolutionConfigurationPlatforms) = preSolution
		Debug|Any CPU = Debug|Any CPU
		Release|Any CPU = Release|Any CPU
	EndGlobalSection
	GlobalSection(ProjectConfigurationPlatforms) = postSolution
		{BCDC905E-63D3-41FA-9AC0-49CB17E97C10}.Debug|Any CPU.ActiveCfg = Debug|Any CPU
		{BCDC905E-63D3-41FA-9AC0-49CB17E97C10}.Debug|Any CPU.Build.0 = Debug|Any CPU
		{BCDC905E-63D3-41FA-9AC0-49CB17E97C10}.Release|Any CPU.ActiveCfg = Release|Any CPU
		{BCDC905E-63D3-41FA-9AC0-49CB17E97C10}.Release|Any CPU.Build.0 = Release|Any CPU
		{C5D75894-0AC8-4829-8B64-5F2AB4229C3E}.Debug|Any CPU.ActiveCfg = Debug|Any CPU
		{C5D75894-0AC8-4829-8B64-5F2AB4229C3E}.Debug|Any CPU.Build.0 = Debug|Any CPU
		{C5D75894-0AC8-4829-8B64-5F2AB4229C3E}.Release|Any CPU.ActiveCfg = Release|Any CPU
		{C5D75894-0AC8-4829-8B64-5F2AB4229C3E}.Release|Any CPU.Build.0 = Release|Any CPU
		{EA970CB0-E384-4AD0-A531-D7B68E511877}.Debug|Any CPU.ActiveCfg = Debug|Any CPU
		{EA970CB0-E384-4AD0-A531-D7B68E511877}.Debug|Any CPU.Build.0 = Debug|Any CPU
		{EA970CB0-E384-4AD0-A531-D7B68E511877}.Release|Any CPU.ActiveCfg = Release|Any CPU
		{EA970CB0-E384-4AD0-A531-D7B68E511877}.Release|Any CPU.Build.0 = Release|Any CPU
		{70AC2D07-ECA3-4031-BB51-66632AC8C870}.Debug|Any CPU.ActiveCfg = Debug|Any CPU
		{70AC2D07-ECA3-4031-BB51-66632AC8C870}.Debug|Any CPU.Build.0 = Debug|Any CPU
		{70AC2D07-ECA3-4031-BB51-66632AC8C870}.Release|Any CPU.ActiveCfg = Release|Any CPU
		{70AC2D07-ECA3-4031-BB51-66632AC8C870}.Release|Any CPU.Build.0 = Release|Any CPU
		{176A26E1-4997-4447-B898-85D2A9362C29}.Debug|Any CPU.ActiveCfg = Debug|Any CPU
		{176A26E1-4997-4447-B898-85D2A9362C29}.Debug|Any CPU.Build.0 = Debug|Any CPU
		{176A26E1-4997-4447-B898-85D2A9362C29}.Release|Any CPU.ActiveCfg = Release|Any CPU
		{176A26E1-4997-4447-B898-85D2A9362C29}.Release|Any CPU.Build.0 = Release|Any CPU
	EndGlobalSection
	GlobalSection(SolutionProperties) = preSolution
		HideSolutionNode = FALSE
	EndGlobalSection
	GlobalSection(NestedProjects) = preSolution
		{38EDDAF5-CFE7-4A0E-8EC0-0148F80B47B4} = {A000C8AD-C51F-427A-930B-76AE5D72E5F9}
		{A35614F3-9728-436E-A65A-5500BCE82EA8} = {A000C8AD-C51F-427A-930B-76AE5D72E5F9}
		{6A5179BD-716C-4C76-8BFA-2DA8AEB1F8CD} = {A000C8AD-C51F-427A-930B-76AE5D72E5F9}
		{560E0348-FF0C-4E32-AF7D-D998FAD21C42} = {A000C8AD-C51F-427A-930B-76AE5D72E5F9}
		{BCDC905E-63D3-41FA-9AC0-49CB17E97C10} = {38EDDAF5-CFE7-4A0E-8EC0-0148F80B47B4}
		{C5D75894-0AC8-4829-8B64-5F2AB4229C3E} = {A35614F3-9728-436E-A65A-5500BCE82EA8}
		{EA970CB0-E384-4AD0-A531-D7B68E511877} = {A35614F3-9728-436E-A65A-5500BCE82EA8}
		{70AC2D07-ECA3-4031-BB51-66632AC8C870} = {560E0348-FF0C-4E32-AF7D-D998FAD21C42}
		{176A26E1-4997-4447-B898-85D2A9362C29} = {6A5179BD-716C-4C76-8BFA-2DA8AEB1F8CD}
	EndGlobalSection
	GlobalSection(ExtensibilityGlobals) = postSolution
		SolutionGuid = {19137FF5-ED64-4119-AE20-ED8B02E5F92E}
	EndGlobalSection
EndGlobal
